
Microsoft Visual Studio Solution File, Format Version 12.00
# Visual Studio 2012
Project("{FAE04EC0-301F-11D3-BF4B-00C04F79EFBC}") = "Mmfeedback", "Mmfeedback\Mmfeedback.csproj", "{C274EB16-160F-4A88-BBD1-1065BE794099}"
EndProject
Project("{FAE04EC0-301F-11D3-BF4B-00C04F79EFBC}") = "Mmfeedback.Tests", "Mmfeedback.Tests\Mmfeedback.Tests.csproj", "{3648A260-335E-4E67-9B3A-E77976EDBDBB}"
EndProject
Global
	GlobalSection(SolutionConfigurationPlatforms) = preSolution
		Debug|Any CPU = Debug|Any CPU
		Release|Any CPU = Release|Any CPU
	EndGlobalSection
	GlobalSection(ProjectConfigurationPlatforms) = postSolution
		{3648A260-335E-4E67-9B3A-E77976EDBDBB}.Debug|Any CPU.ActiveCfg = Debug|Any CPU
		{3648A260-335E-4E67-9B3A-E77976EDBDBB}.Debug|Any CPU.Build.0 = Debug|Any CPU
		{3648A260-335E-4E67-9B3A-E77976EDBDBB}.Release|Any CPU.ActiveCfg = Release|Any CPU
		{3648A260-335E-4E67-9B3A-E77976EDBDBB}.Release|Any CPU.Build.0 = Release|Any CPU
		{C274EB16-160F-4A88-BBD1-1065BE794099}.Debug|Any CPU.ActiveCfg = Debug|Any CPU
		{C274EB16-160F-4A88-BBD1-1065BE794099}.Debug|Any CPU.Build.0 = Debug|Any CPU
		{C274EB16-160F-4A88-BBD1-1065BE794099}.Release|Any CPU.ActiveCfg = Release|Any CPU
		{C274EB16-160F-4A88-BBD1-1065BE794099}.Release|Any CPU.Build.0 = Release|Any CPU
	EndGlobalSection
EndGlobal
